// !$*UTF8*$!
{
	archiveVersion = 1;
	classes = {
	};
	objectVersion = 50;
	objects = {

/* Begin PBXBuildFile section */
		0330920E22B917F6002A7FC6 /* PhoneViewController.swift in Sources */ = {isa = PBXBuildFile; fileRef = 0330920D22B917F6002A7FC6 /* PhoneViewController.swift */; };
		0330921022B91CEE002A7FC6 /* SMSViewController.swift in Sources */ = {isa = PBXBuildFile; fileRef = 0330920F22B91CEE002A7FC6 /* SMSViewController.swift */; };
		0330921422B979C0002A7FC6 /* AddTodoViewController.swift in Sources */ = {isa = PBXBuildFile; fileRef = 0330921322B979C0002A7FC6 /* AddTodoViewController.swift */; };
		0330921622B97D89002A7FC6 /* TodosViewController.swift in Sources */ = {isa = PBXBuildFile; fileRef = 0330921522B97D89002A7FC6 /* TodosViewController.swift */; };
		0331CE1B22BA7E7000D67FC9 /* OIDCViewController.swift in Sources */ = {isa = PBXBuildFile; fileRef = 0331CE1A22BA7E7000D67FC9 /* OIDCViewController.swift */; };
		03401DF022BABC2F003A4AF8 /* SupportingFiles in Resources */ = {isa = PBXBuildFile; fileRef = 03401DEF22BABC2F003A4AF8 /* SupportingFiles */; };
		03401DF222BAC914003A4AF8 /* PushTemplate.swift in Sources */ = {isa = PBXBuildFile; fileRef = 03401DF122BAC914003A4AF8 /* PushTemplate.swift */; };
		03401DF422BAD299003A4AF8 /* DeviceInstallation.swift in Sources */ = {isa = PBXBuildFile; fileRef = 03401DF322BAD299003A4AF8 /* DeviceInstallation.swift */; };
		03401DF622BAD2D8003A4AF8 /* TokenData.swift in Sources */ = {isa = PBXBuildFile; fileRef = 03401DF522BAD2D8003A4AF8 /* TokenData.swift */; };
		03401DF922BAD6A6003A4AF8 /* TokenUtility.swift in Sources */ = {isa = PBXBuildFile; fileRef = 03401DF822BAD6A6003A4AF8 /* TokenUtility.swift */; };
		03401DFB22BAD75F003A4AF8 /* NotificationRegistrationService.swift in Sources */ = {isa = PBXBuildFile; fileRef = 03401DFA22BAD75F003A4AF8 /* NotificationRegistrationService.swift */; };
		03A7CA8C22B7E12E00A45E2B /* AppDelegate.swift in Sources */ = {isa = PBXBuildFile; fileRef = 03A7CA8B22B7E12E00A45E2B /* AppDelegate.swift */; };
		03A7CA8E22B7E12E00A45E2B /* ViewController.swift in Sources */ = {isa = PBXBuildFile; fileRef = 03A7CA8D22B7E12E00A45E2B /* ViewController.swift */; };
		03A7CA9122B7E12E00A45E2B /* Main.storyboard in Resources */ = {isa = PBXBuildFile; fileRef = 03A7CA8F22B7E12E00A45E2B /* Main.storyboard */; };
		03A7CA9322B7E12F00A45E2B /* Assets.xcassets in Resources */ = {isa = PBXBuildFile; fileRef = 03A7CA9222B7E12F00A45E2B /* Assets.xcassets */; };
		03A7CA9622B7E12F00A45E2B /* LaunchScreen.storyboard in Resources */ = {isa = PBXBuildFile; fileRef = 03A7CA9422B7E12F00A45E2B /* LaunchScreen.storyboard */; };
		03A7CA9E22B7EE8600A45E2B /* GeoViewController.swift in Sources */ = {isa = PBXBuildFile; fileRef = 03A7CA9D22B7EE8600A45E2B /* GeoViewController.swift */; };
		03A7CAA122B7F0D800A45E2B /* CoreLocation.framework in Frameworks */ = {isa = PBXBuildFile; fileRef = 03A7CAA022B7F0D800A45E2B /* CoreLocation.framework */; };
		03A7CAA322B80A5300A45E2B /* CameraViewController.swift in Sources */ = {isa = PBXBuildFile; fileRef = 03A7CAA222B80A5300A45E2B /* CameraViewController.swift */; };
		1202030F0947E754F754F6BD /* Pods_SampleApp.framework in Frameworks */ = {isa = PBXBuildFile; fileRef = FF3D9710C57535225D7ACE34 /* Pods_SampleApp.framework */; };
		CE00BE5822B9ACE400352783 /* DBService.swift in Sources */ = {isa = PBXBuildFile; fileRef = CE00BE5722B9ACE400352783 /* DBService.swift */; };
/* End PBXBuildFile section */

/* Begin PBXFileReference section */
		0310702DD4A9B2F2911A21D9 /* Pods-SampleApp.debug.xcconfig */ = {isa = PBXFileReference; includeInIndex = 1; lastKnownFileType = text.xcconfig; name = "Pods-SampleApp.debug.xcconfig"; path = "Target Support Files/Pods-SampleApp/Pods-SampleApp.debug.xcconfig"; sourceTree = "<group>"; };
		0321742022BAB9A900035057 /* SampleApp.entitlements */ = {isa = PBXFileReference; lastKnownFileType = text.plist.entitlements; path = SampleApp.entitlements; sourceTree = "<group>"; };
		0330920D22B917F6002A7FC6 /* PhoneViewController.swift */ = {isa = PBXFileReference; lastKnownFileType = sourcecode.swift; path = PhoneViewController.swift; sourceTree = "<group>"; };
		0330920F22B91CEE002A7FC6 /* SMSViewController.swift */ = {isa = PBXFileReference; lastKnownFileType = sourcecode.swift; path = SMSViewController.swift; sourceTree = "<group>"; };
		0330921322B979C0002A7FC6 /* AddTodoViewController.swift */ = {isa = PBXFileReference; lastKnownFileType = sourcecode.swift; path = AddTodoViewController.swift; sourceTree = "<group>"; };
		0330921522B97D89002A7FC6 /* TodosViewController.swift */ = {isa = PBXFileReference; lastKnownFileType = sourcecode.swift; path = TodosViewController.swift; sourceTree = "<group>"; };
		0331CE1A22BA7E7000D67FC9 /* OIDCViewController.swift */ = {isa = PBXFileReference; lastKnownFileType = sourcecode.swift; path = OIDCViewController.swift; sourceTree = "<group>"; };
		03401DEF22BABC2F003A4AF8 /* SupportingFiles */ = {isa = PBXFileReference; lastKnownFileType = folder; path = SupportingFiles; sourceTree = "<group>"; };
		03401DF122BAC914003A4AF8 /* PushTemplate.swift */ = {isa = PBXFileReference; lastKnownFileType = sourcecode.swift; path = PushTemplate.swift; sourceTree = "<group>"; };
		03401DF322BAD299003A4AF8 /* DeviceInstallation.swift */ = {isa = PBXFileReference; lastKnownFileType = sourcecode.swift; path = DeviceInstallation.swift; sourceTree = "<group>"; };
		03401DF522BAD2D8003A4AF8 /* TokenData.swift */ = {isa = PBXFileReference; lastKnownFileType = sourcecode.swift; path = TokenData.swift; sourceTree = "<group>"; };
		03401DF722BAD415003A4AF8 /* CommonCryptoBridgingHeader.h */ = {isa = PBXFileReference; lastKnownFileType = sourcecode.c.h; path = CommonCryptoBridgingHeader.h; sourceTree = "<group>"; };
		03401DF822BAD6A6003A4AF8 /* TokenUtility.swift */ = {isa = PBXFileReference; lastKnownFileType = sourcecode.swift; path = TokenUtility.swift; sourceTree = "<group>"; };
		03401DFA22BAD75F003A4AF8 /* NotificationRegistrationService.swift */ = {isa = PBXFileReference; lastKnownFileType = sourcecode.swift; path = NotificationRegistrationService.swift; sourceTree = "<group>"; };
		03A7CA8822B7E12E00A45E2B /* SampleApp.app */ = {isa = PBXFileReference; explicitFileType = wrapper.application; includeInIndex = 0; path = SampleApp.app; sourceTree = BUILT_PRODUCTS_DIR; };
		03A7CA8B22B7E12E00A45E2B /* AppDelegate.swift */ = {isa = PBXFileReference; lastKnownFileType = sourcecode.swift; path = AppDelegate.swift; sourceTree = "<group>"; };
		03A7CA8D22B7E12E00A45E2B /* ViewController.swift */ = {isa = PBXFileReference; lastKnownFileType = sourcecode.swift; path = ViewController.swift; sourceTree = "<group>"; };
		03A7CA9022B7E12E00A45E2B /* Base */ = {isa = PBXFileReference; lastKnownFileType = file.storyboard; name = Base; path = Base.lproj/Main.storyboard; sourceTree = "<group>"; };
		03A7CA9222B7E12F00A45E2B /* Assets.xcassets */ = {isa = PBXFileReference; lastKnownFileType = folder.assetcatalog; path = Assets.xcassets; sourceTree = "<group>"; };
		03A7CA9522B7E12F00A45E2B /* Base */ = {isa = PBXFileReference; lastKnownFileType = file.storyboard; name = Base; path = Base.lproj/LaunchScreen.storyboard; sourceTree = "<group>"; };
		03A7CA9722B7E12F00A45E2B /* Info.plist */ = {isa = PBXFileReference; lastKnownFileType = text.plist.xml; path = Info.plist; sourceTree = "<group>"; };
		03A7CA9D22B7EE8600A45E2B /* GeoViewController.swift */ = {isa = PBXFileReference; lastKnownFileType = sourcecode.swift; path = GeoViewController.swift; sourceTree = "<group>"; };
		03A7CAA022B7F0D800A45E2B /* CoreLocation.framework */ = {isa = PBXFileReference; lastKnownFileType = wrapper.framework; name = CoreLocation.framework; path = System/Library/Frameworks/CoreLocation.framework; sourceTree = SDKROOT; };
		03A7CAA222B80A5300A45E2B /* CameraViewController.swift */ = {isa = PBXFileReference; lastKnownFileType = sourcecode.swift; path = CameraViewController.swift; sourceTree = "<group>"; };
		CE00BE5722B9ACE400352783 /* DBService.swift */ = {isa = PBXFileReference; lastKnownFileType = sourcecode.swift; path = DBService.swift; sourceTree = "<group>"; };
		EE7E7BCCC44A09512A0AC16F /* Pods-SampleApp.release.xcconfig */ = {isa = PBXFileReference; includeInIndex = 1; lastKnownFileType = text.xcconfig; name = "Pods-SampleApp.release.xcconfig"; path = "Target Support Files/Pods-SampleApp/Pods-SampleApp.release.xcconfig"; sourceTree = "<group>"; };
		FF3D9710C57535225D7ACE34 /* Pods_SampleApp.framework */ = {isa = PBXFileReference; explicitFileType = wrapper.framework; includeInIndex = 0; path = Pods_SampleApp.framework; sourceTree = BUILT_PRODUCTS_DIR; };
/* End PBXFileReference section */

/* Begin PBXFrameworksBuildPhase section */
		03A7CA8522B7E12E00A45E2B /* Frameworks */ = {
			isa = PBXFrameworksBuildPhase;
			buildActionMask = 2147483647;
			files = (
				03A7CAA122B7F0D800A45E2B /* CoreLocation.framework in Frameworks */,
				1202030F0947E754F754F6BD /* Pods_SampleApp.framework in Frameworks */,
			);
			runOnlyForDeploymentPostprocessing = 0;
		};
/* End PBXFrameworksBuildPhase section */

/* Begin PBXGroup section */
		03A7CA7F22B7E12E00A45E2B = {
			isa = PBXGroup;
			children = (
				03A7CA8A22B7E12E00A45E2B /* SampleApp */,
				03A7CA8922B7E12E00A45E2B /* Products */,
				03A7CA9F22B7F0D800A45E2B /* Frameworks */,
				E8AC3DE1E28D756C1DF8F357 /* Pods */,
			);
			sourceTree = "<group>";
		};
		03A7CA8922B7E12E00A45E2B /* Products */ = {
			isa = PBXGroup;
			children = (
				03A7CA8822B7E12E00A45E2B /* SampleApp.app */,
			);
			name = Products;
			sourceTree = "<group>";
		};
		03A7CA8A22B7E12E00A45E2B /* SampleApp */ = {
			isa = PBXGroup;
			children = (
				0321742022BAB9A900035057 /* SampleApp.entitlements */,
				0330921322B979C0002A7FC6 /* AddTodoViewController.swift */,
				CE00BE5722B9ACE400352783 /* DBService.swift */,
				0330920D22B917F6002A7FC6 /* PhoneViewController.swift */,
				0330920F22B91CEE002A7FC6 /* SMSViewController.swift */,
				03A7CA8B22B7E12E00A45E2B /* AppDelegate.swift */,
				03401DF122BAC914003A4AF8 /* PushTemplate.swift */,
				03A7CA8D22B7E12E00A45E2B /* ViewController.swift */,
				03A7CA8F22B7E12E00A45E2B /* Main.storyboard */,
				0330921522B97D89002A7FC6 /* TodosViewController.swift */,
				03401DEF22BABC2F003A4AF8 /* SupportingFiles */,
				03A7CA9222B7E12F00A45E2B /* Assets.xcassets */,
				03A7CA9422B7E12F00A45E2B /* LaunchScreen.storyboard */,
				0331CE1A22BA7E7000D67FC9 /* OIDCViewController.swift */,
				03A7CA9722B7E12F00A45E2B /* Info.plist */,
				03A7CA9D22B7EE8600A45E2B /* GeoViewController.swift */,
				03A7CAA222B80A5300A45E2B /* CameraViewController.swift */,
				03401DF322BAD299003A4AF8 /* DeviceInstallation.swift */,
				03401DF522BAD2D8003A4AF8 /* TokenData.swift */,
				03401DF722BAD415003A4AF8 /* CommonCryptoBridgingHeader.h */,
				03401DF822BAD6A6003A4AF8 /* TokenUtility.swift */,
				03401DFA22BAD75F003A4AF8 /* NotificationRegistrationService.swift */,
			);
			path = SampleApp;
			sourceTree = "<group>";
		};
		03A7CA9F22B7F0D800A45E2B /* Frameworks */ = {
			isa = PBXGroup;
			children = (
				03A7CAA022B7F0D800A45E2B /* CoreLocation.framework */,
				FF3D9710C57535225D7ACE34 /* Pods_SampleApp.framework */,
			);
			name = Frameworks;
			sourceTree = "<group>";
		};
		E8AC3DE1E28D756C1DF8F357 /* Pods */ = {
			isa = PBXGroup;
			children = (
				0310702DD4A9B2F2911A21D9 /* Pods-SampleApp.debug.xcconfig */,
				EE7E7BCCC44A09512A0AC16F /* Pods-SampleApp.release.xcconfig */,
			);
			path = Pods;
			sourceTree = "<group>";
		};
/* End PBXGroup section */

/* Begin PBXNativeTarget section */
		03A7CA8722B7E12E00A45E2B /* SampleApp */ = {
			isa = PBXNativeTarget;
			buildConfigurationList = 03A7CA9A22B7E12F00A45E2B /* Build configuration list for PBXNativeTarget "SampleApp" */;
			buildPhases = (
				CCF391B6F85D393E29076A5B /* [CP] Check Pods Manifest.lock */,
				03A7CA8422B7E12E00A45E2B /* Sources */,
				03A7CA8522B7E12E00A45E2B /* Frameworks */,
				03A7CA8622B7E12E00A45E2B /* Resources */,
				D975A1BC57B9D82B2CD6AC1D /* [CP] Embed Pods Frameworks */,
			);
			buildRules = (
			);
			dependencies = (
			);
			name = SampleApp;
			productName = SampleApp;
			productReference = 03A7CA8822B7E12E00A45E2B /* SampleApp.app */;
			productType = "com.apple.product-type.application";
		};
/* End PBXNativeTarget section */

/* Begin PBXProject section */
		03A7CA8022B7E12E00A45E2B /* Project object */ = {
			isa = PBXProject;
			attributes = {
				LastSwiftUpdateCheck = 1020;
				LastUpgradeCheck = 1020;
				ORGANIZATIONNAME = AccuV;
				TargetAttributes = {
					03A7CA8722B7E12E00A45E2B = {
						CreatedOnToolsVersion = 10.2;
						SystemCapabilities = {
							com.apple.BackgroundModes = {
								enabled = 1;
							};
							com.apple.Push = {
								enabled = 1;
							};
						};
					};
				};
			};
			buildConfigurationList = 03A7CA8322B7E12E00A45E2B /* Build configuration list for PBXProject "SampleApp" */;
			compatibilityVersion = "Xcode 9.3";
			developmentRegion = en;
			hasScannedForEncodings = 0;
			knownRegions = (
				en,
				Base,
			);
			mainGroup = 03A7CA7F22B7E12E00A45E2B;
			productRefGroup = 03A7CA8922B7E12E00A45E2B /* Products */;
			projectDirPath = "";
			projectRoot = "";
			targets = (
				03A7CA8722B7E12E00A45E2B /* SampleApp */,
			);
		};
/* End PBXProject section */

/* Begin PBXResourcesBuildPhase section */
		03A7CA8622B7E12E00A45E2B /* Resources */ = {
			isa = PBXResourcesBuildPhase;
			buildActionMask = 2147483647;
			files = (
				03A7CA9622B7E12F00A45E2B /* LaunchScreen.storyboard in Resources */,
				03401DF022BABC2F003A4AF8 /* SupportingFiles in Resources */,
				03A7CA9322B7E12F00A45E2B /* Assets.xcassets in Resources */,
				03A7CA9122B7E12E00A45E2B /* Main.storyboard in Resources */,
			);
			runOnlyForDeploymentPostprocessing = 0;
		};
/* End PBXResourcesBuildPhase section */

/* Begin PBXShellScriptBuildPhase section */
		CCF391B6F85D393E29076A5B /* [CP] Check Pods Manifest.lock */ = {
			isa = PBXShellScriptBuildPhase;
			buildActionMask = 2147483647;
			files = (
			);
			inputFileListPaths = (
			);
			inputPaths = (
				"${PODS_PODFILE_DIR_PATH}/Podfile.lock",
				"${PODS_ROOT}/Manifest.lock",
			);
			name = "[CP] Check Pods Manifest.lock";
			outputFileListPaths = (
			);
			outputPaths = (
				"$(DERIVED_FILE_DIR)/Pods-SampleApp-checkManifestLockResult.txt",
			);
			runOnlyForDeploymentPostprocessing = 0;
			shellPath = /bin/sh;
			shellScript = "diff \"${PODS_PODFILE_DIR_PATH}/Podfile.lock\" \"${PODS_ROOT}/Manifest.lock\" > /dev/null\nif [ $? != 0 ] ; then\n    # print error to STDERR\n    echo \"error: The sandbox is not in sync with the Podfile.lock. Run 'pod install' or update your CocoaPods installation.\" >&2\n    exit 1\nfi\n# This output is used by Xcode 'outputs' to avoid re-running this script phase.\necho \"SUCCESS\" > \"${SCRIPT_OUTPUT_FILE_0}\"\n";
			showEnvVarsInLog = 0;
		};
		D975A1BC57B9D82B2CD6AC1D /* [CP] Embed Pods Frameworks */ = {
			isa = PBXShellScriptBuildPhase;
			buildActionMask = 2147483647;
			files = (
			);
			inputFileListPaths = (
			);
			inputPaths = (
				"${PODS_ROOT}/Target Support Files/Pods-SampleApp/Pods-SampleApp-frameworks.sh",
				"${BUILT_PRODUCTS_DIR}/AppAuth/AppAuth.framework",
			);
			name = "[CP] Embed Pods Frameworks";
			outputFileListPaths = (
			);
			outputPaths = (
				"${TARGET_BUILD_DIR}/${FRAMEWORKS_FOLDER_PATH}/AppAuth.framework",
			);
			runOnlyForDeploymentPostprocessing = 0;
			shellPath = /bin/sh;
			shellScript = "\"${PODS_ROOT}/Target Support Files/Pods-SampleApp/Pods-SampleApp-frameworks.sh\"\n";
			showEnvVarsInLog = 0;
		};
/* End PBXShellScriptBuildPhase section */

/* Begin PBXSourcesBuildPhase section */
		03A7CA8422B7E12E00A45E2B /* Sources */ = {
			isa = PBXSourcesBuildPhase;
			buildActionMask = 2147483647;
			files = (
				03A7CA8E22B7E12E00A45E2B /* ViewController.swift in Sources */,
				03401DF422BAD299003A4AF8 /* DeviceInstallation.swift in Sources */,
				03401DF922BAD6A6003A4AF8 /* TokenUtility.swift in Sources */,
				03401DF222BAC914003A4AF8 /* PushTemplate.swift in Sources */,
				CE00BE5822B9ACE400352783 /* DBService.swift in Sources */,
				0330920E22B917F6002A7FC6 /* PhoneViewController.swift in Sources */,
				0330921022B91CEE002A7FC6 /* SMSViewController.swift in Sources */,
				03A7CAA322B80A5300A45E2B /* CameraViewController.swift in Sources */,
				0330921622B97D89002A7FC6 /* TodosViewController.swift in Sources */,
				0330921422B979C0002A7FC6 /* AddTodoViewController.swift in Sources */,
				0331CE1B22BA7E7000D67FC9 /* OIDCViewController.swift in Sources */,
				03A7CA8C22B7E12E00A45E2B /* AppDelegate.swift in Sources */,
				03401DF622BAD2D8003A4AF8 /* TokenData.swift in Sources */,
				03A7CA9E22B7EE8600A45E2B /* GeoViewController.swift in Sources */,
				03401DFB22BAD75F003A4AF8 /* NotificationRegistrationService.swift in Sources */,
			);
			runOnlyForDeploymentPostprocessing = 0;
		};
/* End PBXSourcesBuildPhase section */

/* Begin PBXVariantGroup section */
		03A7CA8F22B7E12E00A45E2B /* Main.storyboard */ = {
			isa = PBXVariantGroup;
			children = (
				03A7CA9022B7E12E00A45E2B /* Base */,
			);
			name = Main.storyboard;
			sourceTree = "<group>";
		};
		03A7CA9422B7E12F00A45E2B /* LaunchScreen.storyboard */ = {
			isa = PBXVariantGroup;
			children = (
				03A7CA9522B7E12F00A45E2B /* Base */,
			);
			name = LaunchScreen.storyboard;
			sourceTree = "<group>";
		};
/* End PBXVariantGroup section */

/* Begin XCBuildConfiguration section */
		03A7CA9822B7E12F00A45E2B /* Debug */ = {
			isa = XCBuildConfiguration;
			buildSettings = {
				ALWAYS_SEARCH_USER_PATHS = NO;
				CLANG_ANALYZER_NONNULL = YES;
				CLANG_ANALYZER_NUMBER_OBJECT_CONVERSION = YES_AGGRESSIVE;
				CLANG_CXX_LANGUAGE_STANDARD = "gnu++14";
				CLANG_CXX_LIBRARY = "libc++";
				CLANG_ENABLE_MODULES = YES;
				CLANG_ENABLE_OBJC_ARC = YES;
				CLANG_ENABLE_OBJC_WEAK = YES;
				CLANG_WARN_BLOCK_CAPTURE_AUTORELEASING = YES;
				CLANG_WARN_BOOL_CONVERSION = YES;
				CLANG_WARN_COMMA = YES;
				CLANG_WARN_CONSTANT_CONVERSION = YES;
				CLANG_WARN_DEPRECATED_OBJC_IMPLEMENTATIONS = YES;
				CLANG_WARN_DIRECT_OBJC_ISA_USAGE = YES_ERROR;
				CLANG_WARN_DOCUMENTATION_COMMENTS = YES;
				CLANG_WARN_EMPTY_BODY = YES;
				CLANG_WARN_ENUM_CONVERSION = YES;
				CLANG_WARN_INFINITE_RECURSION = YES;
				CLANG_WARN_INT_CONVERSION = YES;
				CLANG_WARN_NON_LITERAL_NULL_CONVERSION = YES;
				CLANG_WARN_OBJC_IMPLICIT_RETAIN_SELF = YES;
				CLANG_WARN_OBJC_LITERAL_CONVERSION = YES;
				CLANG_WARN_OBJC_ROOT_CLASS = YES_ERROR;
				CLANG_WARN_RANGE_LOOP_ANALYSIS = YES;
				CLANG_WARN_STRICT_PROTOTYPES = YES;
				CLANG_WARN_SUSPICIOUS_MOVE = YES;
				CLANG_WARN_UNGUARDED_AVAILABILITY = YES_AGGRESSIVE;
				CLANG_WARN_UNREACHABLE_CODE = YES;
				CLANG_WARN__DUPLICATE_METHOD_MATCH = YES;
				CODE_SIGN_IDENTITY = "iPhone Developer";
				COPY_PHASE_STRIP = NO;
				DEBUG_INFORMATION_FORMAT = dwarf;
				ENABLE_STRICT_OBJC_MSGSEND = YES;
				ENABLE_TESTABILITY = YES;
				GCC_C_LANGUAGE_STANDARD = gnu11;
				GCC_DYNAMIC_NO_PIC = NO;
				GCC_NO_COMMON_BLOCKS = YES;
				GCC_OPTIMIZATION_LEVEL = 0;
				GCC_PREPROCESSOR_DEFINITIONS = (
					"DEBUG=1",
					"$(inherited)",
				);
				GCC_WARN_64_TO_32_BIT_CONVERSION = YES;
				GCC_WARN_ABOUT_RETURN_TYPE = YES_ERROR;
				GCC_WARN_UNDECLARED_SELECTOR = YES;
				GCC_WARN_UNINITIALIZED_AUTOS = YES_AGGRESSIVE;
				GCC_WARN_UNUSED_FUNCTION = YES;
				GCC_WARN_UNUSED_VARIABLE = YES;
				IPHONEOS_DEPLOYMENT_TARGET = 12.2;
				MTL_ENABLE_DEBUG_INFO = INCLUDE_SOURCE;
				MTL_FAST_MATH = YES;
				ONLY_ACTIVE_ARCH = YES;
				SDKROOT = iphoneos;
				SWIFT_ACTIVE_COMPILATION_CONDITIONS = DEBUG;
				SWIFT_OPTIMIZATION_LEVEL = "-Onone";
			};
			name = Debug;
		};
		03A7CA9922B7E12F00A45E2B /* Release */ = {
			isa = XCBuildConfiguration;
			buildSettings = {
				ALWAYS_SEARCH_USER_PATHS = NO;
				CLANG_ANALYZER_NONNULL = YES;
				CLANG_ANALYZER_NUMBER_OBJECT_CONVERSION = YES_AGGRESSIVE;
				CLANG_CXX_LANGUAGE_STANDARD = "gnu++14";
				CLANG_CXX_LIBRARY = "libc++";
				CLANG_ENABLE_MODULES = YES;
				CLANG_ENABLE_OBJC_ARC = YES;
				CLANG_ENABLE_OBJC_WEAK = YES;
				CLANG_WARN_BLOCK_CAPTURE_AUTORELEASING = YES;
				CLANG_WARN_BOOL_CONVERSION = YES;
				CLANG_WARN_COMMA = YES;
				CLANG_WARN_CONSTANT_CONVERSION = YES;
				CLANG_WARN_DEPRECATED_OBJC_IMPLEMENTATIONS = YES;
				CLANG_WARN_DIRECT_OBJC_ISA_USAGE = YES_ERROR;
				CLANG_WARN_DOCUMENTATION_COMMENTS = YES;
				CLANG_WARN_EMPTY_BODY = YES;
				CLANG_WARN_ENUM_CONVERSION = YES;
				CLANG_WARN_INFINITE_RECURSION = YES;
				CLANG_WARN_INT_CONVERSION = YES;
				CLANG_WARN_NON_LITERAL_NULL_CONVERSION = YES;
				CLANG_WARN_OBJC_IMPLICIT_RETAIN_SELF = YES;
				CLANG_WARN_OBJC_LITERAL_CONVERSION = YES;
				CLANG_WARN_OBJC_ROOT_CLASS = YES_ERROR;
				CLANG_WARN_RANGE_LOOP_ANALYSIS = YES;
				CLANG_WARN_STRICT_PROTOTYPES = YES;
				CLANG_WARN_SUSPICIOUS_MOVE = YES;
				CLANG_WARN_UNGUARDED_AVAILABILITY = YES_AGGRESSIVE;
				CLANG_WARN_UNREACHABLE_CODE = YES;
				CLANG_WARN__DUPLICATE_METHOD_MATCH = YES;
				CODE_SIGN_IDENTITY = "iPhone Developer";
				COPY_PHASE_STRIP = NO;
				DEBUG_INFORMATION_FORMAT = "dwarf-with-dsym";
				ENABLE_NS_ASSERTIONS = NO;
				ENABLE_STRICT_OBJC_MSGSEND = YES;
				GCC_C_LANGUAGE_STANDARD = gnu11;
				GCC_NO_COMMON_BLOCKS = YES;
				GCC_WARN_64_TO_32_BIT_CONVERSION = YES;
				GCC_WARN_ABOUT_RETURN_TYPE = YES_ERROR;
				GCC_WARN_UNDECLARED_SELECTOR = YES;
				GCC_WARN_UNINITIALIZED_AUTOS = YES_AGGRESSIVE;
				GCC_WARN_UNUSED_FUNCTION = YES;
				GCC_WARN_UNUSED_VARIABLE = YES;
				IPHONEOS_DEPLOYMENT_TARGET = 12.2;
				MTL_ENABLE_DEBUG_INFO = NO;
				MTL_FAST_MATH = YES;
				SDKROOT = iphoneos;
				SWIFT_COMPILATION_MODE = wholemodule;
				SWIFT_OPTIMIZATION_LEVEL = "-O";
				VALIDATE_PRODUCT = YES;
			};
			name = Release;
		};
		03A7CA9B22B7E12F00A45E2B /* Debug */ = {
			isa = XCBuildConfiguration;
			baseConfigurationReference = 0310702DD4A9B2F2911A21D9 /* Pods-SampleApp.debug.xcconfig */;
			buildSettings = {
				ASSETCATALOG_COMPILER_APPICON_NAME = AppIcon;
				CODE_SIGN_ENTITLEMENTS = SampleApp/SampleApp.entitlements;
				CODE_SIGN_STYLE = Automatic;
				DEVELOPMENT_TEAM = AUF3AS74K5;
				INFOPLIST_FILE = SampleApp/Info.plist;
				LD_RUNPATH_SEARCH_PATHS = (
					"$(inherited)",
					"@executable_path/Frameworks",
				);
				PRODUCT_BUNDLE_IDENTIFIER = "com.aaccuv-test.pushnotificationpocapp";
				PRODUCT_NAME = "$(TARGET_NAME)";
				SWIFT_OBJC_BRIDGING_HEADER = SampleApp/CommonCryptoBridgingHeader.h;
				SWIFT_VERSION = 5.0;
				TARGETED_DEVICE_FAMILY = "1,2";
			};
			name = Debug;
		};
		03A7CA9C22B7E12F00A45E2B /* Release */ = {
			isa = XCBuildConfiguration;
			baseConfigurationReference = EE7E7BCCC44A09512A0AC16F /* Pods-SampleApp.release.xcconfig */;
			buildSettings = {
				ASSETCATALOG_COMPILER_APPICON_NAME = AppIcon;
				CODE_SIGN_ENTITLEMENTS = SampleApp/SampleApp.entitlements;
				CODE_SIGN_STYLE = Automatic;
				DEVELOPMENT_TEAM = AUF3AS74K5;
				INFOPLIST_FILE = SampleApp/Info.plist;
				LD_RUNPATH_SEARCH_PATHS = (
					"$(inherited)",
					"@executable_path/Frameworks",
				);
				PRODUCT_BUNDLE_IDENTIFIER = "com.aaccuv-test.pushnotificationpocapp";
				PRODUCT_NAME = "$(TARGET_NAME)";
				SWIFT_ACTIVE_COMPILATION_CONDITIONS = "";
				SWIFT_OBJC_BRIDGING_HEADER = SampleApp/CommonCryptoBridgingHeader.h;
				SWIFT_VERSION = 5.0;
				TARGETED_DEVICE_FAMILY = "1,2";
			};
			name = Release;
		};
/* End XCBuildConfiguration section */

/* Begin XCConfigurationList section */
		03A7CA8322B7E12E00A45E2B /* Build configuration list for PBXProject "SampleApp" */ = {
			isa = XCConfigurationList;
			buildConfigurations = (
				03A7CA9822B7E12F00A45E2B /* Debug */,
				03A7CA9922B7E12F00A45E2B /* Release */,
			);
			defaultConfigurationIsVisible = 0;
			defaultConfigurationName = Release;
		};
		03A7CA9A22B7E12F00A45E2B /* Build configuration list for PBXNativeTarget "SampleApp" */ = {
			isa = XCConfigurationList;
			buildConfigurations = (
				03A7CA9B22B7E12F00A45E2B /* Debug */,
				03A7CA9C22B7E12F00A45E2B /* Release */,
			);
			defaultConfigurationIsVisible = 0;
			defaultConfigurationName = Release;
		};
/* End XCConfigurationList section */
	};
	rootObject = 03A7CA8022B7E12E00A45E2B /* Project object */;
}
